lockfileVersion: '9.0'

settings:
  autoInstallPeers: true
  excludeLinksFromLockfile: false

importers:

  .:
    dependencies:
      http-proxy:
        specifier: ^1.18.1
        version: 1.18.1
      patch-package:
        specifier: ^8.0.0
        version: 8.0.1
      pm2:
        specifier: ^6.0.14
        version: 6.0.14

packages:

  '@pm2/agent@2.1.1':
    resolution: {integrity: sha512-0V9ckHWd/HSC8BgAbZSoq8KXUG81X97nSkAxmhKDhmF8vanyaoc1YXwc2KVkbWz82Rg4gjd2n9qiT3i7bdvGrQ==}

  '@pm2/blessed@0.1.81':
    resolution: {integrity: sha512-ZcNHqQjMuNRcQ7Z1zJbFIQZO/BDKV3KbiTckWdfbUaYhj7uNmUwb+FbdDWSCkvxNr9dBJQwvV17o6QBkAvgO0g==}
    engines: {node: '>= 0.8.0'}
    hasBin: true

  '@pm2/io@6.1.0':
    resolution: {integrity: sha512-IxHuYURa3+FQ6BKePlgChZkqABUKFYH6Bwbw7V/pWU1pP6iR1sCI26l7P9ThUEB385ruZn/tZS3CXDUF5IA1NQ==}
    engines: {node: '>=6.0'}

  '@pm2/js-api@0.8.0':
    resolution: {integrity: sha512-nmWzrA/BQZik3VBz+npRcNIu01kdBhWL0mxKmP1ciF/gTcujPTQqt027N9fc1pK9ERM8RipFhymw7RcmCyOEYA==}
    engines: {node: '>=4.0'}

  '@pm2/pm2-version-check@1.0.4':
    resolution: {integrity: sha512-SXsM27SGH3yTWKc2fKR4SYNxsmnvuBQ9dd6QHtEWmiZ/VqaOYPAIlS8+vMcn27YLtAEBGvNRSh3TPNvtjZgfqA==}

  '@tootallnate/quickjs-emscripten@0.23.0':
    resolution: {integrity: sha512-C5Mc6rdnsaJDjO3UpGW/CQTHtCKaYlScZTly4JIu97Jxo/odCiH0ITnDXSJPTOrEKk/ycSZ0AOgTmkDtkOsvIA==}

  '@yarnpkg/lockfile@1.1.0':
    resolution: {integrity: sha512-GpSwvyXOcOOlV70vbnzjj4fW5xW/FdUF6nQEt1ENy7m4ZCczi1+/buVUPAqmGfqznsORNFzUMjctTIp8a9tuCQ==}

  agent-base@7.1.4:
    resolution: {integrity: sha512-MnA+YT8fwfJPgBx3m60MNqakm30XOkyIoH1y6huTQvC0PwZG7ki8NacLBcrPbNoo8vEZy7Jpuk7+jMO+CUovTQ==}
    engines: {node: '>= 14'}

  amp-message@0.1.2:
    resolution: {integrity: sha512-JqutcFwoU1+jhv7ArgW38bqrE+LQdcRv4NxNw0mp0JHQyB6tXesWRjtYKlDgHRY2o3JE5UTaBGUK8kSWUdxWUg==}

  amp@0.3.1:
    resolution: {integrity: sha512-OwIuC4yZaRogHKiuU5WlMR5Xk/jAcpPtawWL05Gj8Lvm2F6mwoJt4O/bHI+DHwG79vWd+8OFYM4/BzYqyRd3qw==}

  ansi-colors@4.1.3:
    resolution: {integrity: sha512-/6w/C21Pm1A7aZitlI5Ni/2J6FFQN8i1Cvz3kHABAAbw93v/NlvKdVOqz7CCWz/3iv/JplRSEEZ83XION15ovw==}
    engines: {node: '>=6'}

  ansi-styles@4.3.0:
    resolution: {integrity: sha512-zbB9rCJAT1rbjiVDb2hqKFHNYLxgtk8NURxZ3IZwD3F6NtxbXZQCnnSi1Lkx+IDohdPlFp222wVALIheZJQSEg==}
    engines: {node: '>=8'}

  ansis@4.0.0-node10:
    resolution: {integrity: sha512-BRrU0Bo1X9dFGw6KgGz6hWrqQuOlVEDOzkb0QSLZY9sXHqA7pNj7yHPVJRz7y/rj4EOJ3d/D5uxH+ee9leYgsg==}
    engines: {node: '>=10'}

  anymatch@3.1.3:
    resolution: {integrity: sha512-KMReFUr0B4t+D+OBkjR3KYqvocp2XaSzO55UcB6mgQMd3KbcE+mWTyvVV7D/zsdEbNnV6acZUutkiHQXvTr1Rw==}
    engines: {node: '>= 8'}

  argparse@2.0.1:
    resolution: {integrity: sha512-8+9WqebbFzpX9OR+Wa6O29asIogeRMzcGtAINdpMHHyAg10f05aSFVBbcEqGf/PXw1EjAZ+q2/bEBg3DvurK3Q==}

  ast-types@0.13.4:
    resolution: {integrity: sha512-x1FCFnFifvYDDzTaLII71vG5uvDwgtmDTEVWAxrgeiR8VjMONcCXJx7E+USjDtHlwFmt9MysbqgF9b9Vjr6w+w==}
    engines: {node: '>=4'}

  async@2.6.4:
    resolution: {integrity: sha512-mzo5dfJYwAn29PeiJ0zvwTo04zj8HDJj0Mn8TD7sno7q12prdbnasKJHhkm2c1LgrhlJ0teaea8860oxi51mGA==}

  async@3.2.6:
    resolution: {integrity: sha512-htCUDlxyyCLMgaM3xXg0C0LW2xqfuQ6p05pCEIsXuyQ+a1koYKTuBMzRNwmybfLgvJDMd0r1LTn4+E0Ti6C2AA==}

  basic-ftp@5.1.0:
    resolution: {integrity: sha512-RkaJzeJKDbaDWTIPiJwubyljaEPwpVWkm9Rt5h9Nd6h7tEXTJ3VB4qxdZBioV7JO5yLUaOKwz7vDOzlncUsegw==}
    engines: {node: '>=10.0.0'}

  binary-extensions@2.3.0:
    resolution: {integrity: sha512-Ceh+7ox5qe7LJuLHoY0feh3pHuUDHAcRUeyL2VYghZwfpkNIy/+8Ocg0a3UuSoYzavmylwuLWQOf3hl0jjMMIw==}
    engines: {node: '>=8'}

  bodec@0.1.0:
    resolution: {integrity: sha512-Ylo+MAo5BDUq1KA3f3R/MFhh+g8cnHmo8bz3YPGhI1znrMaf77ol1sfvYJzsw3nTE+Y2GryfDxBaR+AqpAkEHQ==}

  braces@3.0.3:
    resolution: {integrity: sha512-yQbXgO/OSZVD2IsiLlro+7Hf6Q18EJrKSEsdoMzKePKXct3gvD8oLcOQdIzGupr5Fj+EDe8gO/lxc1BzfMpxvA==}
    engines: {node: '>=8'}

  buffer-from@1.1.2:
    resolution: {integrity: sha512-E+XQCRwSbaaiChtv6k6Dwgc+bx+Bs6vuKJHHl5kox/BaKbhiXzqQOwK4cO22yElGp2OCmjwVhT3HmxgyPGnJfQ==}

  call-bind-apply-helpers@1.0.2:
    resolution: {integrity: sha512-Sp1ablJ0ivDkSzjcaJdxEunN5/XvksFJ2sMBFfq6x0ryhQV/2b/KwFe21cMpmHtPOSij8K99/wSfoEuTObmuMQ==}
    engines: {node: '>= 0.4'}

  call-bind@1.0.8:
    resolution: {integrity: sha512-oKlSFMcMwpUg2ednkhQ454wfWiU/ul3CkJe/PEHcTKuiX6RpbehUiFMXu13HalGZxfUwCQzZG747YXBn1im9ww==}
    engines: {node: '>= 0.4'}

  call-bound@1.0.4:
    resolution: {integrity: sha512-+ys997U96po4Kx/ABpBCqhA9EuxJaQWDQg7295H4hBphv3IZg0boBKuwYpt4YXp6MZ5AmZQnU/tyMTlRpaSejg==}
    engines: {node: '>= 0.4'}

  chalk@3.0.0:
    resolution: {integrity: sha512-4D3B6Wf41KOYRFdszmDqMCGq5VV/uMAB273JILmO+3jAlh8X4qDtdtgCR3fxtbLEMzSx22QdhnDcJvu2u1fVwg==}
    engines: {node: '>=8'}

  chalk@4.1.2:
    resolution: {integrity: sha512-oKnbhFyRIXpUuez8iBMmyEa4nbj4IOQyuhc/wy9kY7/WVPcwIO9VA668Pu8RkO7+0G76SLROeyw9CpQ061i4mA==}
    engines: {node: '>=10'}

  charm@0.1.2:
    resolution: {integrity: sha512-syedaZ9cPe7r3hoQA9twWYKu5AIyCswN5+szkmPBe9ccdLrj4bYaCnLVPTLd2kgVRc7+zoX4tyPgRnFKCj5YjQ==}

  chokidar@3.6.0:
    resolution: {integrity: sha512-7VT13fmjotKpGipCW9JEQAusEPE+Ei8nl6/g4FBAmIm0GOOLMua9NDDo/DWp0ZAxCr3cPq5ZpBqmPAQgDda2Pw==}
    engines: {node: '>= 8.10.0'}

  ci-info@3.9.0:
    resolution: {integrity: sha512-NIxF55hv4nSqQswkAeiOi1r83xy8JldOFDTWiug55KBu9Jnblncd2U6ViHmYgHf01TPZS77NJBhBMKdWj9HQMQ==}
    engines: {node: '>=8'}

  cli-tableau@2.0.1:
    resolution: {integrity: sha512-he+WTicka9cl0Fg/y+YyxcN6/bfQ/1O3QmgxRXDhABKqLzvoOSM4fMzp39uMyLBulAFuywD2N7UaoQE7WaADxQ==}
    engines: {node: '>=8.10.0'}

  color-convert@2.0.1:
    resolution: {integrity: sha512-RRECPsj7iu/xb5oKYcsFHSppFNnsj/52OVTRKb4zP5onXwVF3zVmmToNcOfGC+CRDpfK/U584fMg38ZHCaElKQ==}
    engines: {node: '>=7.0.0'}

  color-name@1.1.4:
    resolution: {integrity: sha512-dOy+3AuW3a2wNbZHIuMZpTcgjGuLU/uBL/ubcZF9OXbDo8ff4O8yVp5Bf0efS8uEoYo5q4Fx7dY9OgQGXgAsQA==}

  commander@2.15.1:
    resolution: {integrity: sha512-VlfT9F3V0v+jr4yxPc5gg9s62/fIVWsd2Bk2iD435um1NlGMYdVCq+MjcXnhYq2icNOizHr1kK+5TI6H0Hy0ag==}

  croner@4.1.97:
    resolution: {integrity: sha512-/f6gpQuxDaqXu+1kwQYSckUglPaOrHdbIlBAu0YuW8/Cdb45XwXYNUBXg3r/9Mo6n540Kn/smKcZWko5x99KrQ==}

  cross-spawn@7.0.6:
    resolution: {integrity: sha512-uV2QOWP2nWzsy2aMp8aRibhi9dlzF5Hgh5SHaB9OiTGEyDTiJJyx0uy51QXdyWbtAHNua4XJzUKca3OzKUd3vA==}
    engines: {node: '>= 8'}

  culvert@0.1.2:
    resolution: {integrity: sha512-yi1x3EAWKjQTreYWeSd98431AV+IEE0qoDyOoaHJ7KJ21gv6HtBXHVLX74opVSGqcR8/AbjJBHAHpcOy2bj5Gg==}

  data-uri-to-buffer@6.0.2:
    resolution: {integrity: sha512-7hvf7/GW8e86rW0ptuwS3OcBGDjIi6SZva7hCyWC0yYry2cOPmLIjXAUHI6DK2HsnwJd9ifmt57i8eV2n4YNpw==}
    engines: {node: '>= 14'}

  dayjs@1.11.15:
    resolution: {integrity: sha512-MC+DfnSWiM9APs7fpiurHGCoeIx0Gdl6QZBy+5lu8MbYKN5FZEXqOgrundfibdfhGZ15o9hzmZ2xJjZnbvgKXQ==}

  dayjs@1.8.36:
    resolution: {integrity: sha512-3VmRXEtw7RZKAf+4Tv1Ym9AGeo8r8+CjDi26x+7SYQil1UqtqdaokhzoEJohqlzt0m5kacJSDhJQkG/LWhpRBw==}

  debug@3.2.7:
    resolution: {integrity: sha512-CFjzYYAi4ThfiQvizrFQevTTXHtnCqWfe7x1AhgEscTz6ZbLbfoLRLPugTQyBth6f8ZERVUSyWHFD/7Wu4t1XQ==}
    peerDependencies:
      supports-color: '*'
    peerDependenciesMeta:
      supports-color:
        optional: true

  debug@4.3.7:
    resolution: {integrity: sha512-Er2nc/H7RrMXZBFCEim6TCmMk02Z8vLC2Rbi1KEBggpo0fS6l0S1nnapwmIi3yW/+GOJap1Krg4w0Hg80oCqgQ==}
    engines: {node: '>=6.0'}
    peerDependencies:
      supports-color: '*'
    peerDependenciesMeta:
      supports-color:
        optional: true

  debug@4.4.3:
    resolution: {integrity: sha512-RGwwWnwQvkVfavKVt22FGLw+xYSdzARwm0ru6DhTVA3umU5hZc28V3kO4stgYryrTlLpuvgI9GiijltAjNbcqA==}
    engines: {node: '>=6.0'}
    peerDependencies:
      supports-color: '*'
    peerDependenciesMeta:
      supports-color:
        optional: true

  define-data-property@1.1.4:
    resolution: {integrity: sha512-rBMvIzlpA8v6E+SJZoo++HAYqsLrkg7MSfIinMPFhmkorw7X+dOXVJQs+QT69zGkzMyfDnIMN2Wid1+NbL3T+A==}
    engines: {node: '>= 0.4'}

  degenerator@5.0.1:
    resolution: {integrity: sha512-TllpMR/t0M5sqCXfj85i4XaAzxmS5tVA16dqvdkMwGmzI+dXLXnw3J+3Vdv7VKw+ThlTMboK6i9rnZ6Nntj5CQ==}
    engines: {node: '>= 14'}

  dunder-proto@1.0.1:
    resolution: {integrity: sha512-KIN/nDJBQRcXw0MLVhZE9iQHmG68qAVIBg9CqmUYjmQIhgij9U5MFvrqkUL5FbtyyzZuOeOt0zdeRe4UY7ct+A==}
    engines: {node: '>= 0.4'}

  enquirer@2.3.6:
    resolution: {integrity: sha512-yjNnPr315/FjS4zIsUxYguYUPP2e1NK4d7E7ZOLiyYCcbFBiTMyID+2wvm2w6+pZ/odMA7cRkjhsPbltwBOrLg==}
    engines: {node: '>=8.6'}

  es-define-property@1.0.1:
    resolution: {integrity: sha512-e3nRfgfUZ4rNGL232gUgX06QNyyez04KdjFrF+LTRoOXmrOgFKDg4BCdsjW8EnT69eqdYGmRpJwiPVYNrCaW3g==}
    engines: {node: '>= 0.4'}

  es-errors@1.3.0:
    resolution: {integrity: sha512-Zf5H2Kxt2xjTvbJvP2ZWLEICxA6j+hAmMzIlypy4xcBg1vKVnx89Wy0GbS+kf5cwCVFFzdCFh2XSCFNULS6csw==}
    engines: {node: '>= 0.4'}

  es-object-atoms@1.1.1:
    resolution: {integrity: sha512-FGgH2h8zKNim9ljj7dankFPcICIK9Cp5bm+c2gQSYePhpaG5+esrLODihIorn+Pe6FGJzWhXQotPv73jTaldXA==}
    engines: {node: '>= 0.4'}

  escape-string-regexp@4.0.0:
    resolution: {integrity: sha512-TtpcNJ3XAzx3Gq8sWRzJaVajRs0uVxA2YAkdb1jm2YkPz4G6egUFAyA3n5vtEIZefPk5Wa4UXbKuS5fKkJWdgA==}
    engines: {node: '>=10'}

  escodegen@2.1.0:
    resolution: {integrity: sha512-2NlIDTwUWJN0mRPQOdtQBzbUHvdGY2P1VXSyU83Q3xKxM7WHX2Ql8dKq782Q9TgQUNOLEzEYu9bzLNj1q88I5w==}
    engines: {node: '>=6.0'}
    hasBin: true

  esprima@4.0.1:
    resolution: {integrity: sha512-eGuFFw7Upda+g4p+QHvnW0RyTX/SVeJBDM/gCtMARO0cLuT2HcEKnTPvhjV6aGeqrCB/sbNop0Kszm0jsaWU4A==}
    engines: {node: '>=4'}
    hasBin: true

  estraverse@5.3.0:
    resolution: {integrity: sha512-MMdARuVEQziNTeJD8DgMqmhwR11BRQ/cBP+pLtYdSTnf3MIO8fFeiINEbX36ZdNlfU/7A9f3gUw49B3oQsvwBA==}
    engines: {node: '>=4.0'}

  esutils@2.0.3:
    resolution: {integrity: sha512-kVscqXk4OCp68SZ0dkgEKVi6/8ij300KBWTJq32P/dYeWTSwK41WyTxalN1eRmA5Z9UU/LX9D7FWSmV9SAYx6g==}
    engines: {node: '>=0.10.0'}

  eventemitter2@5.0.1:
    resolution: {integrity: sha512-5EM1GHXycJBS6mauYAbVKT1cVs7POKWb2NXD4Vyt8dDqeZa7LaDK1/sjtL+Zb0lzTpSNil4596Dyu97hz37QLg==}

  eventemitter2@6.4.9:
    resolution: {integrity: sha512-JEPTiaOt9f04oa6NOkc4aH+nVp5I3wEjpHbIPqfgCdD5v5bUzy7xQqwcVO2aDQgOWhI28da57HksMrzK9HlRxg==}

  eventemitter3@4.0.7:
    resolution: {integrity: sha512-8guHBZCwKnFhYdHr2ysuRWErTwhoN2X8XELRlrRwpmfeY2jjuUN4taQMsULKUVo1K4DvZl+0pgfyoysHxvmvEw==}

  extrareqp2@1.0.0:
    resolution: {integrity: sha512-Gum0g1QYb6wpPJCVypWP3bbIuaibcFiJcpuPM10YSXp/tzqi84x9PJageob+eN4xVRIOto4wjSGNLyMD54D2xA==}

  fast-json-patch@3.1.1:
    resolution: {integrity: sha512-vf6IHUX2SBcA+5/+4883dsIjpBTqmfBjmYiWK1savxQmFk4JfBMLa7ynTYOs1Rolp/T1betJxHiGD3g1Mn8lUQ==}

  fclone@1.0.11:
    resolution: {integrity: sha512-GDqVQezKzRABdeqflsgMr7ktzgF9CyS+p2oe0jJqUY6izSSbhPIQJDpoU4PtGcD7VPM9xh/dVrTu6z1nwgmEGw==}

  fill-range@7.1.1:
    resolution: {integrity: sha512-YsGpe3WHLK8ZYi4tWDg2Jy3ebRz2rXowDxnld4bkQB00cc/1Zw9AWnC0i9ztDJitivtQvaI9KaLyKrc+hBW0yg==}
    engines: {node: '>=8'}

  find-yarn-workspace-root@2.0.0:
    resolution: {integrity: sha512-1IMnbjt4KzsQfnhnzNd8wUEgXZ44IzZaZmnLYx7D5FZlaHt2gW20Cri8Q+E/t5tIj4+epTBub+2Zxu/vNILzqQ==}

  follow-redirects@1.15.11:
    resolution: {integrity: sha512-deG2P0JfjrTxl50XGCDyfI97ZGVCxIpfKYmfyrQ54n5FO/0gfIES8C/Psl6kWVDolizcaaxZJnTS0QSMxvnsBQ==}
    engines: {node: '>=4.0'}
    peerDependencies:
      debug: '*'
    peerDependenciesMeta:
      debug:
        optional: true

  fs-extra@10.1.0:
    resolution: {integrity: sha512-oRXApq54ETRj4eMiFzGnHWGy+zo5raudjuxN0b8H7s/RU2oW0Wvsx9O0ACRN/kRq9E8Vu/ReskGB5o3ji+FzHQ==}
    engines: {node: '>=12'}

  fsevents@2.3.3:
    resolution: {integrity: sha512-5xoDfX+fL7faATnagmWPpbFtwh/R77WmMMqqHGS65C3vvB0YHrgF+B1YmZ3441tMj5n63k0212XNoJwzlhffQw==}
    engines: {node: ^8.16.0 || ^10.6.0 || >=11.0.0}
    os: [darwin]

  function-bind@1.1.2:
    resolution: {integrity: sha512-7XHNxH7qX9xG5mIwxkhumTox/MIRNcOgDrxWsMt2pAr23WHp6MrRlN7FBSFpCpr+oVO0F744iUgR82nJMfG2SA==}

  get-intrinsic@1.3.0:
    resolution: {integrity: sha512-9fSjSaos/fRIVIp+xSJlE6lfwhES7LNtKaCBIamHsjr2na1BiABJPo0mOjjz8GJDURarmCPGqaiVg5mfjb98CQ==}
    engines: {node: '>= 0.4'}

  get-proto@1.0.1:
    resolution: {integrity: sha512-sTSfBjoXBp89JvIKIefqw7U2CCebsc74kiY6awiGogKtoSGbgjYE/G/+l9sF3MWFPNc9IcoOC4ODfKHfxFmp0g==}
    engines: {node: '>= 0.4'}

  get-uri@6.0.5:
    resolution: {integrity: sha512-b1O07XYq8eRuVzBNgJLstU6FYc1tS6wnMtF1I1D9lE8LxZSOGZ7LhxN54yPP6mGw5f2CkXY2BQUL9Fx41qvcIg==}
    engines: {node: '>= 14'}

  git-node-fs@1.0.0:
    resolution: {integrity: sha512-bLQypt14llVXBg0S0u8q8HmU7g9p3ysH+NvVlae5vILuUvs759665HvmR5+wb04KjHyjFcDRxdYb4kyNnluMUQ==}
    peerDependencies:
      js-git: ^0.7.8
    peerDependenciesMeta:
      js-git:
        optional: true

  git-sha1@0.1.2:
    resolution: {integrity: sha512-2e/nZezdVlyCopOCYHeW0onkbZg7xP1Ad6pndPy1rCygeRykefUS6r7oA5cJRGEFvseiaz5a/qUHFVX1dd6Isg==}

  glob-parent@5.1.2:
    resolution: {integrity: sha512-AOIgSQCepiJYwP3ARnGx+5VnTu2HBYdzbGP45eLw1vr3zB3vZLeyed1sC9hnbcOc9/SrMyM5RPQrkGz4aS9Zow==}
    engines: {node: '>= 6'}

  gopd@1.2.0:
    resolution: {integrity: sha512-ZUKRh6/kUFoAiTAtTYPZJ3hw9wNxx+BIBOijnlG9PnrJsCcSjs1wyyD6vJpaYtgnzDrKYRSqf3OO6Rfa93xsRg==}
    engines: {node: '>= 0.4'}

  graceful-fs@4.2.11:
    resolution: {integrity: sha512-RbJ5/jmFcNNCcDV5o9eTnBLJ/HszWV0P73bc+Ff4nS/rJj+YaS6IGyiOL0VoBYX+l1Wrl3k63h/KrH+nhJ0XvQ==}

  has-flag@4.0.0:
    resolution: {integrity: sha512-EykJT/Q1KjTWctppgIAgfSO0tKVuZUjhgMr17kqTumMl6Afv3EISleU7qZUzoXDFTAHTDC4NOoG/ZxU3EvlMPQ==}
    engines: {node: '>=8'}

  has-property-descriptors@1.0.2:
    resolution: {integrity: sha512-55JNKuIW+vq4Ke1BjOTjM2YctQIvCT7GFzHwmfZPGo5wnrgkid0YQtnAleFSqumZm4az3n2BS+erby5ipJdgrg==}

  has-symbols@1.1.0:
    resolution: {integrity: sha512-1cDNdwJ2Jaohmb3sg4OmKaMBwuC48sYni5HUw2DvsC8LjGTLK9h+eb1X6RyuOHe4hT0ULCW68iomhjUoKUqlPQ==}
    engines: {node: '>= 0.4'}

  hasown@2.0.2:
    resolution: {integrity: sha512-0hJU9SCPvmMzIBdZFqNPXWa6dqh7WdH0cII9y+CyS8rG3nL48Bclra9HmKhVVUHyPWNH5Y7xDwAB7bfgSjkUMQ==}
    engines: {node: '>= 0.4'}

  http-proxy-agent@7.0.2:
    resolution: {integrity: sha512-T1gkAiYYDWYx3V5Bmyu7HcfcvL7mUrTWiM6yOfa3PIphViJ/gFPbvidQ+veqSOHci/PxBcDabeUNCzpOODJZig==}
    engines: {node: '>= 14'}

  http-proxy@1.18.1:
    resolution: {integrity: sha512-7mz/721AbnJwIVbnaSv1Cz3Am0ZLT/UBwkC92VlxhXv/k/BBQfM2fXElQNC27BVGr0uwUpplYPQM9LnaBMR5NQ==}
    engines: {node: '>=8.0.0'}

  https-proxy-agent@7.0.6:
    resolution: {integrity: sha512-vK9P5/iUfdl95AI+JVyUuIcVtd4ofvtrOr3HNtM2yxC9bnMbEdp3x01OhQNnjb8IJYi38VlTE3mBXwcfvywuSw==}
    engines: {node: '>= 14'}

  iconv-lite@0.4.24:
    resolution: {integrity: sha512-v3MXnZAcvnywkTUEZomIActle7RXXeedOR31wwl7VlyoXO4Qi9arvSenNQWne1TcRwhCL1HwLI21bEqdpj8/rA==}
    engines: {node: '>=0.10.0'}

  ini@1.3.8:
    resolution: {integrity: sha512-JV/yugV2uzW5iMRSiZAyDtQd+nxtUnjeLt0acNdw98kKLrvuRVyB80tsREOE7yvGVgalhZ6RNXCmEHkUKBKxew==}

  ip-address@10.1.0:
    resolution: {integrity: sha512-XXADHxXmvT9+CRxhXg56LJovE+bmWnEWB78LB83VZTprKTmaC5QfruXocxzTZ2Kl0DNwKuBdlIhjL8LeY8Sf8Q==}
    engines: {node: '>= 12'}

  is-binary-path@2.1.0:
    resolution: {integrity: sha512-ZMERYes6pDydyuGidse7OsHxtbI7WVeUEozgR/g7rd0xUimYNlvZRE/K2MgZTjWy725IfelLeVcEM97mmtRGXw==}
    engines: {node: '>=8'}

  is-core-module@2.16.1:
    resolution: {integrity: sha512-UfoeMA6fIJ8wTYFEUjelnaGI67v6+N7qXJEvQuIGa99l4xsCruSYOVSQ0uPANn4dAzm8lkYPaKLrrijLq7x23w==}
    engines: {node: '>= 0.4'}

  is-docker@2.2.1:
    resolution: {integrity: sha512-F+i2BKsFrH66iaUFc0woD8sLy8getkwTwtOBjvs56Cx4CgJDeKQeqfz8wAYiSb8JOprWhHH5p77PbmYCvvUuXQ==}
    engines: {node: '>=8'}
    hasBin: true

  is-extglob@2.1.1:
    resolution: {integrity: sha512-SbKbANkN603Vi4jEZv49LeVJMn4yGwsbzZworEoyEiutsN3nJYdbO36zfhGJ6QEDpOZIFkDtnq5JRxmvl3jsoQ==}
    engines: {node: '>=0.10.0'}

  is-glob@4.0.3:
    resolution: {integrity: sha512-xelSayHH36ZgE7ZWhli7pW34hNbNl8Ojv5KVmkJD4hBdD3th8Tfk9vYasLM+mXWOZhFkgZfxhLSnrwRr4elSSg==}
    engines: {node: '>=0.10.0'}

  is-number@7.0.0:
    resolution: {integrity: sha512-41Cifkg6e8TylSpdtTpeLVMqvSBEVzTttHvERD741+pnZ8ANv0004MRL43QKPDlK9cGvNp6NZWZUBlbGXYxxng==}
    engines: {node: '>=0.12.0'}

  is-wsl@2.2.0:
    resolution: {integrity: sha512-fKzAra0rGJUUBwGBgNkHZuToZcn+TtXHpeCgmkMJMMYx1sQDYaCSyjJBSCa2nH1DGm7s3n1oBnohoVTBaN7Lww==}
    engines: {node: '>=8'}

  isarray@2.0.5:
    resolution: {integrity: sha512-xHjhDr3cNBK0BzdUJSPXZntQUx/mwMS5Rw4A7lPJ90XGAO6ISP/ePDNuo0vhqOZU+UD5JoodwCAAoZQd3FeAKw==}

  isexe@2.0.0:
    resolution: {integrity: sha512-RHxMLp9lnKHGHRng9QFhRCMbYAcVpn69smSGcq3f36xjgVVWThj4qqLbTLlq7Ssj8B+fIQ1EuCEGI2lKsyQeIw==}

  js-git@0.7.8:
    resolution: {integrity: sha512-+E5ZH/HeRnoc/LW0AmAyhU+mNcWBzAKE+30+IDMLSLbbK+Tdt02AdkOKq9u15rlJsDEGFqtgckc8ZM59LhhiUA==}

  js-yaml@4.1.1:
    resolution: {integrity: sha512-qQKT4zQxXl8lLwBtHMWwaTcGfFOZviOJet3Oy/xmGk2gZH677CJM9EvtfdSkgWcATZhj/55JZ0rmy3myCT5lsA==}
    hasBin: true

  json-stable-stringify@1.3.0:
    resolution: {integrity: sha512-qtYiSSFlwot9XHtF9bD9c7rwKjr+RecWT//ZnPvSmEjpV5mmPOCN4j8UjY5hbjNkOwZ/jQv3J6R1/pL7RwgMsg==}
    engines: {node: '>= 0.4'}

  json-stringify-safe@5.0.1:
    resolution: {integrity: sha512-ZClg6AaYvamvYEE82d3Iyd3vSSIjQ+odgjaTzRuO3s7toCdFKczob2i0zCh7JE8kWn17yvAWhUVxvqGwUalsRA==}

  jsonfile@6.2.0:
    resolution: {integrity: sha512-FGuPw30AdOIUTRMC2OMRtQV+jkVj2cfPqSeWXv1NEAJ1qZ5zb1X6z1mFhbfOB/iy3ssJCD+3KuZ8r8C3uVFlAg==}

  jsonify@0.0.1:
    resolution: {integrity: sha512-2/Ki0GcmuqSrgFyelQq9M05y7PS0mEwuIzrf3f1fPqkVDVRvZrPZtVSMHxdgo8Aq0sxAOb/cr2aqqA3LeWHVPg==}

  klaw-sync@6.0.0:
    resolution: {integrity: sha512-nIeuVSzdCCs6TDPTqI8w1Yre34sSq7AkZ4B3sfOBbI2CgVSB4Du4aLQijFU2+lhAFCwt9+42Hel6lQNIv6AntQ==}

  lodash@4.17.21:
    resolution: {integrity: sha512-v2kDEe57lecTulaDIuNTPy3Ry4gLGJ6Z1O3vE1krgXZNrsQ+LFTGHVxVjcXPs17LhbZVGedAJv8XZ1tvj5FvSg==}

  lru-cache@6.0.0:
    resolution: {integrity: sha512-Jo6dJ04CmSjuznwJSS3pUeWmd/H0ffTlkXXgwZi+eq1UCmqQwCh+eLsYOYCwY991i2Fah4h1BEMCx4qThGbsiA==}
    engines: {node: '>=10'}

  lru-cache@7.18.3:
    resolution: {integrity: sha512-jumlc0BIUrS3qJGgIkWZsyfAM7NCWiBcCDhnd+3NNM5KbBmLTgHVfWBcg6W+rLUsIpzpERPsvwUP7CckAQSOoA==}
    engines: {node: '>=12'}

  math-intrinsics@1.1.0:
    resolution: {integrity: sha512-/IXtbwEk5HTPyEwyKX6hGkYXxM9nbj64B+ilVJnC/R6B0pH5G4V3b0pVbL7DBj4tkhBAppbQUlf6F6Xl9LHu1g==}
    engines: {node: '>= 0.4'}

  micromatch@4.0.8:
    resolution: {integrity: sha512-PXwfBhYu0hBCPw8Dn0E+WDYb7af3dSLVWKi3HGv84IdF4TyFoC0ysxFd0Goxw7nSv4T/PzEJQxsYsEiFCKo2BA==}
    engines: {node: '>=8.6'}

  minimist@1.2.8:
    resolution: {integrity: sha512-2yyAR8qBkN3YuheJanUpWC5U3bb5osDywNB8RzDVlDwDHbocAJveqqj1u8+SVD7jkWT4yvsHCpWqqWqAxb0zCA==}

  mkdirp@1.0.4:
    resolution: {integrity: sha512-vVqVZQyf3WLx2Shd0qJ9xuvqgAyKPLAiqITEtqW0oIUjzo3PePDd6fW9iFz30ef7Ysp/oiWqbhszeGWW2T6Gzw==}
    engines: {node: '>=10'}
    hasBin: true

  module-details-from-path@1.0.4:
    resolution: {integrity: sha512-EGWKgxALGMgzvxYF1UyGTy0HXX/2vHLkw6+NvDKW2jypWbHpjQuj4UMcqQWXHERJhVGKikolT06G3bcKe4fi7w==}

  ms@2.1.3:
    resolution: {integrity: sha512-6FlzubTLZG3J2a/NVCAleEhjzq5oxgHyaCU9yYXvcLsvoVaHJq/s5xXI6/XXP6tz7R9xAOtHnSO/tXtF3WRTlA==}

  mute-stream@0.0.8:
    resolution: {integrity: sha512-nnbWWOkoWyUsTjKrhgD0dcz22mdkSnpYqbEjIm2nhwhuxlSkpywJmBo8h0ZqJdkp73mb90SssHkN4rsRaBAfAA==}

  needle@2.4.0:
    resolution: {integrity: sha512-4Hnwzr3mi5L97hMYeNl8wRW/Onhy4nUKR/lVemJ8gJedxxUyBLm9kkrDColJvoSfwi0jCNhD+xCdOtiGDQiRZg==}
    engines: {node: '>= 4.4.x'}
    hasBin: true

  netmask@2.0.2:
    resolution: {integrity: sha512-dBpDMdxv9Irdq66304OLfEmQ9tbNRFnFTuZiLo+bD+r332bBmMJ8GBLXklIXXgxd3+v9+KUnZaUR5PJMa75Gsg==}
    engines: {node: '>= 0.4.0'}

  normalize-path@3.0.0:
    resolution: {integrity: sha512-6eZs5Ls3WtCisHWp9S2GUy8dqkpGi4BVSz3GaqiE6ezub0512ESztXUwUB6C6IKbQkY2Pnb/mD4WYojCRwcwLA==}
    engines: {node: '>=0.10.0'}

  object-keys@1.1.1:
    resolution: {integrity: sha512-NuAESUOUMrlIXOfHKzD6bpPu3tYt3xvjNdRIQ+FeT0lNb4K8WR70CaDxhuNguS2XG+GjkyMwOzsN5ZktImfhLA==}
    engines: {node: '>= 0.4'}

  open@7.4.2:
    resolution: {integrity: sha512-MVHddDVweXZF3awtlAS+6pgKLlm/JgxZ90+/NBurBoQctVOOB/zDdVjcyPzQ+0laDGbsWgrRkflI65sQeOgT9Q==}
    engines: {node: '>=8'}

  pac-proxy-agent@7.2.0:
    resolution: {integrity: sha512-TEB8ESquiLMc0lV8vcd5Ql/JAKAoyzHFXaStwjkzpOpC5Yv+pIzLfHvjTSdf3vpa2bMiUQrg9i6276yn8666aA==}
    engines: {node: '>= 14'}

  pac-resolver@7.0.1:
    resolution: {integrity: sha512-5NPgf87AT2STgwa2ntRMr45jTKrYBGkVU36yT0ig/n/GMAa3oPqhZfIQ2kMEimReg0+t9kZViDVZ83qfVUlckg==}
    engines: {node: '>= 14'}

  pako@0.2.9:
    resolution: {integrity: sha512-NUcwaKxUxWrZLpDG+z/xZaCgQITkA/Dv4V/T6bw7VON6l1Xz/VnrBqrYjZQ12TamKHzITTfOEIYUj48y2KXImA==}

  patch-package@8.0.1:
    resolution: {integrity: sha512-VsKRIA8f5uqHQ7NGhwIna6Bx6D9s/1iXlA1hthBVBEbkq+t4kXD0HHt+rJhf/Z+Ci0F/HCB2hvn0qLdLG+Qxlw==}
    engines: {node: '>=14', npm: '>5'}
    hasBin: true

  path-key@3.1.1:
    resolution: {integrity: sha512-ojmeN0qd+y0jszEtoY48r0Peq5dwMEkIlCOu6Q5f41lfkswXuKtYrhgoTpLnyIcHm24Uhqx+5Tqm2InSwLhE6Q==}
    engines: {node: '>=8'}

  path-parse@1.0.7:
    resolution: {integrity: sha512-LDJzPVEEEPR+y48z93A0Ed0yXb8pAByGWo/k5YYdYgpY2/2EsOsksJrq7lOHxryrVOn1ejG6oAp8ahvOIQD8sw==}

  picomatch@2.3.1:
    resolution: {integrity: sha512-JU3teHTNjmE2VCGFzuY8EXzCDVwEqB2a8fsIvwaStHhAWJEeVd1o1QD80CU6+ZdEXXSLbSsuLwJjkCBWqRQUVA==}
    engines: {node: '>=8.6'}

  pidusage@2.0.21:
    resolution: {integrity: sha512-cv3xAQos+pugVX+BfXpHsbyz/dLzX+lr44zNMsYiGxUw+kV5sgQCIcLd1z+0vq+KyC7dJ+/ts2PsfgWfSC3WXA==}
    engines: {node: '>=8'}

  pidusage@3.0.2:
    resolution: {integrity: sha512-g0VU+y08pKw5M8EZ2rIGiEBaB8wrQMjYGFfW2QVIfyT8V+fq8YFLkvlz4bz5ljvFDJYNFCWT3PWqcRr2FKO81w==}
    engines: {node: '>=10'}

  pm2-axon-rpc@0.7.1:
    resolution: {integrity: sha512-FbLvW60w+vEyvMjP/xom2UPhUN/2bVpdtLfKJeYM3gwzYhoTEEChCOICfFzxkxuoEleOlnpjie+n1nue91bDQw==}
    engines: {node: '>=5'}

  pm2-axon@4.0.1:
    resolution: {integrity: sha512-kES/PeSLS8orT8dR5jMlNl+Yu4Ty3nbvZRmaAtROuVm9nYYGiaoXqqKQqQYzWQzMYWUKHMQTvBlirjE5GIIxqg==}
    engines: {node: '>=5'}

  pm2-deploy@1.0.2:
    resolution: {integrity: sha512-YJx6RXKrVrWaphEYf++EdOOx9EH18vM8RSZN/P1Y+NokTKqYAca/ejXwVLyiEpNju4HPZEk3Y2uZouwMqUlcgg==}
    engines: {node: '>=4.0.0'}

  pm2-multimeter@0.1.2:
    resolution: {integrity: sha512-S+wT6XfyKfd7SJIBqRgOctGxaBzUOmVQzTAS+cg04TsEUObJVreha7lvCfX8zzGVr871XwCSnHUU7DQQ5xEsfA==}

  pm2-sysmonit@1.2.8:
    resolution: {integrity: sha512-ACOhlONEXdCTVwKieBIQLSi2tQZ8eKinhcr9JpZSUAL8Qy0ajIgRtsLxG/lwPOW3JEKqPyw/UaHmTWhUzpP4kA==}

  pm2@6.0.14:
    resolution: {integrity: sha512-wX1FiFkzuT2H/UUEA8QNXDAA9MMHDsK/3UHj6Dkd5U7kxyigKDA5gyDw78ycTQZAuGCLWyUX5FiXEuVQWafukA==}
    engines: {node: '>=16.0.0'}
    hasBin: true

  promptly@2.2.0:
    resolution: {integrity: sha512-aC9j+BZsRSSzEsXBNBwDnAxujdx19HycZoKgRgzWnS8eOHg1asuf9heuLprfbe739zY3IdUQx+Egv6Jn135WHA==}

  proxy-agent@6.4.0:
    resolution: {integrity: sha512-u0piLU+nCOHMgGjRbimiXmA9kM/L9EHh3zL81xCdp7m+Y2pHIsnmbdDoEDoAz5geaonNR6q6+yOPQs6n4T6sBQ==}
    engines: {node: '>= 14'}

  proxy-from-env@1.1.0:
    resolution: {integrity: sha512-D+zkORCbA9f1tdWRK0RaCR3GPv50cMxcrz4X8k5LTSUD1Dkw47mKJEZQNunItRTkWwgtaUSo1RVFRIG9ZXiFYg==}

  read@1.0.7:
    resolution: {integrity: sha512-rSOKNYUmaxy0om1BNjMN4ezNT6VKK+2xF4GBhc81mkH7L60i6dp8qPYrkndNLT3QPphoII3maL9PVC9XmhHwVQ==}
    engines: {node: '>=0.8'}

  readdirp@3.6.0:
    resolution: {integrity: sha512-hOS089on8RduqdbhvQ5Z37A0ESjsqz6qnRcffsMU3495FuTdqSm+7bhJ29JvIOsBDEEnan5DPu9t3To9VRlMzA==}
    engines: {node: '>=8.10.0'}

  require-in-the-middle@5.2.0:
    resolution: {integrity: sha512-efCx3b+0Z69/LGJmm9Yvi4cqEdxnoGnxYxGxBghkkTTFeXRtTCmmhO0AnAfHz59k957uTSuy8WaHqOs8wbYUWg==}
    engines: {node: '>=6'}

  requires-port@1.0.0:
    resolution: {integrity: sha512-KigOCHcocU3XODJxsu8i/j8T9tzT4adHiecwORRQ0ZZFcp7ahwXuRU1m+yuO90C5ZUyGeGfocHDI14M3L3yDAQ==}

  resolve@1.22.11:
    resolution: {integrity: sha512-RfqAvLnMl313r7c9oclB1HhUEAezcpLjz95wFH4LVuhk9JF/r22qmVP9AMmOU4vMX7Q8pN8jwNg/CSpdFnMjTQ==}
    engines: {node: '>= 0.4'}
    hasBin: true

  run-series@1.1.9:
    resolution: {integrity: sha512-Arc4hUN896vjkqCYrUXquBFtRZdv1PfLbTYP71efP6butxyQ0kWpiNJyAgsxscmQg1cqvHY32/UCBzXedTpU2g==}

  safe-buffer@5.2.1:
    resolution: {integrity: sha512-rp3So07KcdmmKbGvgaNxQSJr7bGVSVk5S9Eq1F+ppbRo70+YeaDxkw5Dd8NPN+GD6bjnYm2VuPuCXmpuYvmCXQ==}

  safer-buffer@2.1.2:
    resolution: {integrity: sha512-YZo3K82SD7Riyi0E1EQPojLz7kpepnSQI9IyPbHHg1XXXevb5dJI7tpyN2ADxGcQbHG7vcyRHk0cbwqcQriUtg==}

  sax@1.4.4:
    resolution: {integrity: sha512-1n3r/tGXO6b6VXMdFT54SHzT9ytu9yr7TaELowdYpMqY/Ao7EnlQGmAQ1+RatX7Tkkdm6hONI2owqNx2aZj5Sw==}
    engines: {node: '>=11.0.0'}

  semver@7.5.4:
    resolution: {integrity: sha512-1bCSESV6Pv+i21Hvpxp3Dx+pSD8lIPt8uVjRrxAUt/nbswYc+tK6Y2btiULjd4+fnq15PX+nqQDC7Oft7WkwcA==}
    engines: {node: '>=10'}
    hasBin: true

  semver@7.7.2:
    resolution: {integrity: sha512-RF0Fw+rO5AMf9MAyaRXI4AV0Ulj5lMHqVxxdSgiVbixSCXoEmmX/jk0CuJw4+3SqroYO9VoUh+HcuJivvtJemA==}
    engines: {node: '>=10'}
    hasBin: true

  set-function-length@1.2.2:
    resolution: {integrity: sha512-pgRc4hJ4/sNjWCSS9AmnS40x3bNMDTknHgL5UaMBTMyJnU90EgWh1Rz+MC9eFu4BuN/UwZjKQuY/1v3rM7HMfg==}
    engines: {node: '>= 0.4'}

  shebang-command@2.0.0:
    resolution: {integrity: sha512-kHxr2zZpYtdmrN1qDjrrX/Z1rR1kG8Dx+gkpK1G4eXmvXswmcE1hTWBWYUzlraYw1/yZp6YuDY77YtvbN0dmDA==}
    engines: {node: '>=8'}

  shebang-regex@3.0.0:
    resolution: {integrity: sha512-7++dFhtcx3353uBaq8DDR4NuxBetBzC7ZQOhmTQInHEd6bSrXdiEyzCvG07Z44UYdLShWUyXt5M/yhz8ekcb1A==}
    engines: {node: '>=8'}

  shimmer@1.2.1:
    resolution: {integrity: sha512-sQTKC1Re/rM6XyFM6fIAGHRPVGvyXfgzIDvzoq608vM+jeyVD0Tu1E6Np0Kc2zAIFWIj963V2800iF/9LPieQw==}

  signal-exit@3.0.7:
    resolution: {integrity: sha512-wnD2ZE+l+SPC/uoS0vXeE9L1+0wuaMqKlfz9AMUo38JsyLSBWSFcHR1Rri62LZc12vLr1gb3jl7iwQhgwpAbGQ==}

  slash@2.0.0:
    resolution: {integrity: sha512-ZYKh3Wh2z1PpEXWr0MpSBZ0V6mZHAQfYevttO11c51CaWjGTaadiKZ+wVt1PbMlDV5qhMFslpZCemhwOK7C89A==}
    engines: {node: '>=6'}

  smart-buffer@4.2.0:
    resolution: {integrity: sha512-94hK0Hh8rPqQl2xXc3HsaBoOXKV20MToPkcXvwbISWLEs+64sBq5kFgn2kJDHb1Pry9yrP0dxrCI9RRci7RXKg==}
    engines: {node: '>= 6.0.0', npm: '>= 3.0.0'}

  socks-proxy-agent@8.0.5:
    resolution: {integrity: sha512-HehCEsotFqbPW9sJ8WVYB6UbmIMv7kUUORIF2Nncq4VQvBfNBLibW9YZR5dlYCSUhwcD628pRllm7n+E+YTzJw==}
    engines: {node: '>= 14'}

  socks@2.8.7:
    resolution: {integrity: sha512-HLpt+uLy/pxB+bum/9DzAgiKS8CX1EvbWxI4zlmgGCExImLdiad2iCwXT5Z4c9c3Eq8rP2318mPW2c+QbtjK8A==}
    engines: {node: '>= 10.0.0', npm: '>= 3.0.0'}

  source-map-support@0.5.21:
    resolution: {integrity: sha512-uBHU3L3czsIyYXKX88fdrGovxdSCoTGDRZ6SYXtSRxLZUzHg5P/66Ht6uoUlHu9EZod+inXhKo3qQgwXUT/y1w==}

  source-map@0.6.1:
    resolution: {integrity: sha512-UjgapumWlbMhkBgzT7Ykc5YXUT46F0iKu8SGXq0bcwP5dz/h0Plj6enJqjz1Zbq2l5WaqYnrVbwWOWMyF3F47g==}
    engines: {node: '>=0.10.0'}

  sprintf-js@1.1.2:
    resolution: {integrity: sha512-VE0SOVEHCk7Qc8ulkWw3ntAzXuqf7S2lvwQaDLRnUeIEaKNQJzV6BwmLKhOqT61aGhfUMrXeaBk+oDGCzvhcug==}

  supports-color@7.2.0:
    resolution: {integrity: sha512-qpCAvRl9stuOHveKsn7HncJRvv501qIacKzQlO/+Lwxc9+0q2wLyv4Dfvt80/DPn2pqOBsJdDiogXGR9+OvwRw==}
    engines: {node: '>=8'}

  supports-preserve-symlinks-flag@1.0.0:
    resolution: {integrity: sha512-ot0WnXS9fgdkgIcePe6RHNk1WA8+muPa6cSjeR3V8K27q9BB1rTE3R1p7Hv0z1ZyAc8s6Vvv8DIyWf681MAt0w==}
    engines: {node: '>= 0.4'}

  systeminformation@5.30.3:
    resolution: {integrity: sha512-NgHJUpA+y7j4asLQa9jgBt+Eb2piyQIXQ+YjOyd2K0cHNwbNJ6I06F5afOqOiaCuV/wrEyGrb0olg4aFLlJD+A==}
    engines: {node: '>=8.0.0'}
    os: [darwin, linux, win32, freebsd, openbsd, netbsd, sunos, android]
    hasBin: true

  tmp@0.2.5:
    resolution: {integrity: sha512-voyz6MApa1rQGUxT3E+BK7/ROe8itEx7vD8/HEvt4xwXucvQ5G5oeEiHkmHZJuBO21RpOf+YYm9MOivj709jow==}
    engines: {node: '>=14.14'}

  to-regex-range@5.0.1:
    resolution: {integrity: sha512-65P7iz6X5yEr1cwcgvQxbbIw7Uk3gOy5dIdtZ4rDveLqhrdJP+Li/Hx6tyK0NEb+2GCyneCMJiGqrADCSNk8sQ==}
    engines: {node: '>=8.0'}

  tslib@1.9.3:
    resolution: {integrity: sha512-4krF8scpejhaOgqzBEcGM7yDIEfi0/8+8zDRZhNZZ2kjmHJ4hv3zCbQWxoJGz1iw5U0Jl0nma13xzHXcncMavQ==}

  tslib@2.8.1:
    resolution: {integrity: sha512-oJFu94HQb+KVduSUQL7wnpmqnfmLsOA/nAh6b6EH0wCEoK0/mPeXU6c3wKDV83MkOuHPRHtSXKKU99IBazS/2w==}

  tv4@1.3.0:
    resolution: {integrity: sha512-afizzfpJgvPr+eDkREK4MxJ/+r8nEEHcmitwgnPUqpaP+FpwQyadnxNoSACbgc/b1LsZYtODGoPiFxQrgJgjvw==}
    engines: {node: '>= 0.8.0'}

  tx2@1.0.5:
    resolution: {integrity: sha512-sJ24w0y03Md/bxzK4FU8J8JveYYUbSs2FViLJ2D/8bytSiyPRbuE3DyL/9UKYXTZlV3yXq0L8GLlhobTnekCVg==}

  universalify@2.0.1:
    resolution: {integrity: sha512-gptHNQghINnc/vTGIk0SOFGFNXw7JVrlRUtConJRlvaw6DuX0wO5Jeko9sWrMBhh+PsYAZ7oXAiOnf/UKogyiw==}
    engines: {node: '>= 10.0.0'}

  vizion@2.2.1:
    resolution: {integrity: sha512-sfAcO2yeSU0CSPFI/DmZp3FsFE9T+8913nv1xWBOyzODv13fwkn6Vl7HqxGpkr9F608M+8SuFId3s+BlZqfXww==}
    engines: {node: '>=4.0'}

  which@2.0.2:
    resolution: {integrity: sha512-BLI3Tl1TW3Pvl70l3yq3Y64i+awpwXqsGBYWkkqMtnbXgrMD+yj7rhW0kuEDxzJaYXGjEW5ogapKNMEKNMjibA==}
    engines: {node: '>= 8'}
    hasBin: true

  ws@7.5.10:
    resolution: {integrity: sha512-+dbF1tHwZpXcbOJdVOkzLDxZP1ailvSxM6ZweXTegylPny803bFhA+vqBYw4s31NSAk4S2Qz+AKXK9a4wkdjcQ==}
    engines: {node: '>=8.3.0'}
    peerDependencies:
      bufferutil: ^4.0.1
      utf-8-validate: ^5.0.2
    peerDependenciesMeta:
      bufferutil:
        optional: true
      utf-8-validate:
        optional: true

  yallist@4.0.0:
    resolution: {integrity: sha512-3wdGidZyq5PB084XLES5TpOSRA3wjXAlIWMhum2kRcv/41Sn2emQ0dycQW4uZXLejwKvg6EsvbdlVL+FYEct7A==}

  yaml@2.8.2:
    resolution: {integrity: sha512-mplynKqc1C2hTVYxd0PU2xQAc22TI1vShAYGksCCfxbn/dFwnHTNi1bvYsBTkhdUNtGIf5xNOg938rrSSYvS9A==}
    engines: {node: '>= 14.6'}
    hasBin: true

snapshots:

  '@pm2/agent@2.1.1':
    dependencies:
      async: 3.2.6
      chalk: 3.0.0
      dayjs: 1.8.36
      debug: 4.3.7
      eventemitter2: 5.0.1
      fast-json-patch: 3.1.1
      fclone: 1.0.11
      pm2-axon: 4.0.1
      pm2-axon-rpc: 0.7.1
      proxy-agent: 6.4.0
      semver: 7.5.4
      ws: 7.5.10
    transitivePeerDependencies:
      - bufferutil
      - supports-color
      - utf-8-validate

  '@pm2/blessed@0.1.81': {}

  '@pm2/io@6.1.0':
    dependencies:
      async: 2.6.4
      debug: 4.3.7
      eventemitter2: 6.4.9
      require-in-the-middle: 5.2.0
      semver: 7.5.4
      shimmer: 1.2.1
      signal-exit: 3.0.7
      tslib: 1.9.3
    transitivePeerDependencies:
      - supports-color

  '@pm2/js-api@0.8.0':
    dependencies:
      async: 2.6.4
      debug: 4.3.7
      eventemitter2: 6.4.9
      extrareqp2: 1.0.0(debug@4.3.7)
      ws: 7.5.10
    transitivePeerDependencies:
      - bufferutil
      - supports-color
      - utf-8-validate

  '@pm2/pm2-version-check@1.0.4':
    dependencies:
      debug: 4.4.3
    transitivePeerDependencies:
      - supports-color

  '@tootallnate/quickjs-emscripten@0.23.0': {}

  '@yarnpkg/lockfile@1.1.0': {}

  agent-base@7.1.4: {}

  amp-message@0.1.2:
    dependencies:
      amp: 0.3.1

  amp@0.3.1: {}

  ansi-colors@4.1.3: {}

  ansi-styles@4.3.0:
    dependencies:
      color-convert: 2.0.1

  ansis@4.0.0-node10: {}

  anymatch@3.1.3:
    dependencies:
      normalize-path: 3.0.0
      picomatch: 2.3.1

  argparse@2.0.1: {}

  ast-types@0.13.4:
    dependencies:
      tslib: 2.8.1

  async@2.6.4:
    dependencies:
      lodash: 4.17.21

  async@3.2.6: {}

  basic-ftp@5.1.0: {}

  binary-extensions@2.3.0: {}

  bodec@0.1.0: {}

  braces@3.0.3:
    dependencies:
      fill-range: 7.1.1

  buffer-from@1.1.2: {}

  call-bind-apply-helpers@1.0.2:
    dependencies:
      es-errors: 1.3.0
      function-bind: 1.1.2

  call-bind@1.0.8:
    dependencies:
      call-bind-apply-helpers: 1.0.2
      es-define-property: 1.0.1
      get-intrinsic: 1.3.0
      set-function-length: 1.2.2

  call-bound@1.0.4:
    dependencies:
      call-bind-apply-helpers: 1.0.2
      get-intrinsic: 1.3.0

  chalk@3.0.0:
    dependencies:
      ansi-styles: 4.3.0
      supports-color: 7.2.0

  chalk@4.1.2:
    dependencies:
      ansi-styles: 4.3.0
      supports-color: 7.2.0

  charm@0.1.2: {}

  chokidar@3.6.0:
    dependencies:
      anymatch: 3.1.3
      braces: 3.0.3
      glob-parent: 5.1.2
      is-binary-path: 2.1.0
      is-glob: 4.0.3
      normalize-path: 3.0.0
      readdirp: 3.6.0
    optionalDependencies:
      fsevents: 2.3.3

  ci-info@3.9.0: {}

  cli-tableau@2.0.1:
    dependencies:
      chalk: 3.0.0

  color-convert@2.0.1:
    dependencies:
      color-name: 1.1.4

  color-name@1.1.4: {}

  commander@2.15.1: {}

  croner@4.1.97: {}

  cross-spawn@7.0.6:
    dependencies:
      path-key: 3.1.1
      shebang-command: 2.0.0
      which: 2.0.2

  culvert@0.1.2: {}

  data-uri-to-buffer@6.0.2: {}

  dayjs@1.11.15: {}

  dayjs@1.8.36: {}

  debug@3.2.7:
    dependencies:
      ms: 2.1.3

  debug@4.3.7:
    dependencies:
      ms: 2.1.3

  debug@4.4.3:
    dependencies:
      ms: 2.1.3

  define-data-property@1.1.4:
    dependencies:
      es-define-property: 1.0.1
      es-errors: 1.3.0
      gopd: 1.2.0

  degenerator@5.0.1:
    dependencies:
      ast-types: 0.13.4
      escodegen: 2.1.0
      esprima: 4.0.1

  dunder-proto@1.0.1:
    dependencies:
      call-bind-apply-helpers: 1.0.2
      es-errors: 1.3.0
      gopd: 1.2.0

  enquirer@2.3.6:
    dependencies:
      ansi-colors: 4.1.3

  es-define-property@1.0.1: {}

  es-errors@1.3.0: {}

  es-object-atoms@1.1.1:
    dependencies:
      es-errors: 1.3.0

  escape-string-regexp@4.0.0: {}

  escodegen@2.1.0:
    dependencies:
      esprima: 4.0.1
      estraverse: 5.3.0
      esutils: 2.0.3
    optionalDependencies:
      source-map: 0.6.1

  esprima@4.0.1: {}

  estraverse@5.3.0: {}

  esutils@2.0.3: {}

  eventemitter2@5.0.1: {}

  eventemitter2@6.4.9: {}

  eventemitter3@4.0.7: {}

  extrareqp2@1.0.0(debug@4.3.7):
    dependencies:
      follow-redirects: 1.15.11(debug@4.3.7)
    transitivePeerDependencies:
      - debug

  fast-json-patch@3.1.1: {}

  fclone@1.0.11: {}

  fill-range@7.1.1:
    dependencies:
      to-regex-range: 5.0.1

  find-yarn-workspace-root@2.0.0:
    dependencies:
      micromatch: 4.0.8

  follow-redirects@1.15.11(debug@4.3.7):
    optionalDependencies:
      debug: 4.3.7

  fs-extra@10.1.0:
    dependencies:
      graceful-fs: 4.2.11
      jsonfile: 6.2.0
      universalify: 2.0.1

  fsevents@2.3.3:
    optional: true

  function-bind@1.1.2: {}

  get-intrinsic@1.3.0:
    dependencies:
      call-bind-apply-helpers: 1.0.2
      es-define-property: 1.0.1
      es-errors: 1.3.0
      es-object-atoms: 1.1.1
      function-bind: 1.1.2
      get-proto: 1.0.1
      gopd: 1.2.0
      has-symbols: 1.1.0
      hasown: 2.0.2
      math-intrinsics: 1.1.0

  get-proto@1.0.1:
    dependencies:
      dunder-proto: 1.0.1
      es-object-atoms: 1.1.1

  get-uri@6.0.5:
    dependencies:
      basic-ftp: 5.1.0
      data-uri-to-buffer: 6.0.2
      debug: 4.4.3
    transitivePeerDependencies:
      - supports-color

  git-node-fs@1.0.0(js-git@0.7.8):
    optionalDependencies:
      js-git: 0.7.8

  git-sha1@0.1.2: {}

  glob-parent@5.1.2:
    dependencies:
      is-glob: 4.0.3

  gopd@1.2.0: {}

  graceful-fs@4.2.11: {}

  has-flag@4.0.0: {}

  has-property-descriptors@1.0.2:
    dependencies:
      es-define-property: 1.0.1

  has-symbols@1.1.0: {}

  hasown@2.0.2:
    dependencies:
      function-bind: 1.1.2

  http-proxy-agent@7.0.2:
    dependencies:
      agent-base: 7.1.4
      debug: 4.4.3
    transitivePeerDependencies:
      - supports-color

  http-proxy@1.18.1:
    dependencies:
      eventemitter3: 4.0.7
      follow-redirects: 1.15.11(debug@4.3.7)
      requires-port: 1.0.0
    transitivePeerDependencies:
      - debug

  https-proxy-agent@7.0.6:
    dependencies:
      agent-base: 7.1.4
      debug: 4.4.3
    transitivePeerDependencies:
      - supports-color

  iconv-lite@0.4.24:
    dependencies:
      safer-buffer: 2.1.2

  ini@1.3.8: {}

  ip-address@10.1.0: {}

  is-binary-path@2.1.0:
    dependencies:
      binary-extensions: 2.3.0

  is-core-module@2.16.1:
    dependencies:
      hasown: 2.0.2

  is-docker@2.2.1: {}

  is-extglob@2.1.1: {}

  is-glob@4.0.3:
    dependencies:
      is-extglob: 2.1.1

  is-number@7.0.0: {}

  is-wsl@2.2.0:
    dependencies:
      is-docker: 2.2.1

  isarray@2.0.5: {}

  isexe@2.0.0: {}

  js-git@0.7.8:
    dependencies:
      bodec: 0.1.0
      culvert: 0.1.2
      git-sha1: 0.1.2
      pako: 0.2.9

  js-yaml@4.1.1:
    dependencies:
      argparse: 2.0.1

  json-stable-stringify@1.3.0:
    dependencies:
      call-bind: 1.0.8
      call-bound: 1.0.4
      isarray: 2.0.5
      jsonify: 0.0.1
      object-keys: 1.1.1

  json-stringify-safe@5.0.1:
    optional: true

  jsonfile@6.2.0:
    dependencies:
      universalify: 2.0.1
    optionalDependencies:
      graceful-fs: 4.2.11

  jsonify@0.0.1: {}

  klaw-sync@6.0.0:
    dependencies:
      graceful-fs: 4.2.11

  lodash@4.17.21: {}

  lru-cache@6.0.0:
    dependencies:
      yallist: 4.0.0

  lru-cache@7.18.3: {}

  math-intrinsics@1.1.0: {}

  micromatch@4.0.8:
    dependencies:
      braces: 3.0.3
      picomatch: 2.3.1

  minimist@1.2.8: {}

  mkdirp@1.0.4: {}

  module-details-from-path@1.0.4: {}

  ms@2.1.3: {}

  mute-stream@0.0.8: {}

  needle@2.4.0:
    dependencies:
      debug: 3.2.7
      iconv-lite: 0.4.24
      sax: 1.4.4
    transitivePeerDependencies:
      - supports-color

  netmask@2.0.2: {}

  normalize-path@3.0.0: {}

  object-keys@1.1.1: {}

  open@7.4.2:
    dependencies:
      is-docker: 2.2.1
      is-wsl: 2.2.0

  pac-proxy-agent@7.2.0:
    dependencies:
      '@tootallnate/quickjs-emscripten': 0.23.0
      agent-base: 7.1.4
      debug: 4.4.3
      get-uri: 6.0.5
      http-proxy-agent: 7.0.2
      https-proxy-agent: 7.0.6
      pac-resolver: 7.0.1
      socks-proxy-agent: 8.0.5
    transitivePeerDependencies:
      - supports-color

  pac-resolver@7.0.1:
    dependencies:
      degenerator: 5.0.1
      netmask: 2.0.2

  pako@0.2.9: {}

  patch-package@8.0.1:
    dependencies:
      '@yarnpkg/lockfile': 1.1.0
      chalk: 4.1.2
      ci-info: 3.9.0
      cross-spawn: 7.0.6
      find-yarn-workspace-root: 2.0.0
      fs-extra: 10.1.0
      json-stable-stringify: 1.3.0
      klaw-sync: 6.0.0
      minimist: 1.2.8
      open: 7.4.2
      semver: 7.7.2
      slash: 2.0.0
      tmp: 0.2.5
      yaml: 2.8.2

  path-key@3.1.1: {}

  path-parse@1.0.7: {}

  picomatch@2.3.1: {}

  pidusage@2.0.21:
    dependencies:
      safe-buffer: 5.2.1
    optional: true

  pidusage@3.0.2:
    dependencies:
      safe-buffer: 5.2.1

  pm2-axon-rpc@0.7.1:
    dependencies:
      debug: 4.4.3
    transitivePeerDependencies:
      - supports-color

  pm2-axon@4.0.1:
    dependencies:
      amp: 0.3.1
      amp-message: 0.1.2
      debug: 4.4.3
      escape-string-regexp: 4.0.0
    transitivePeerDependencies:
      - supports-color

  pm2-deploy@1.0.2:
    dependencies:
      run-series: 1.1.9
      tv4: 1.3.0

  pm2-multimeter@0.1.2:
    dependencies:
      charm: 0.1.2

  pm2-sysmonit@1.2.8:
    dependencies:
      async: 3.2.6
      debug: 4.4.3
      pidusage: 2.0.21
      systeminformation: 5.30.3
      tx2: 1.0.5
    transitivePeerDependencies:
      - supports-color
    optional: true

  pm2@6.0.14:
    dependencies:
      '@pm2/agent': 2.1.1
      '@pm2/blessed': 0.1.81
      '@pm2/io': 6.1.0
      '@pm2/js-api': 0.8.0
      '@pm2/pm2-version-check': 1.0.4
      ansis: 4.0.0-node10
      async: 3.2.6
      chokidar: 3.6.0
      cli-tableau: 2.0.1
      commander: 2.15.1
      croner: 4.1.97
      dayjs: 1.11.15
      debug: 4.4.3
      enquirer: 2.3.6
      eventemitter2: 5.0.1
      fclone: 1.0.11
      js-yaml: 4.1.1
      mkdirp: 1.0.4
      needle: 2.4.0
      pidusage: 3.0.2
      pm2-axon: 4.0.1
      pm2-axon-rpc: 0.7.1
      pm2-deploy: 1.0.2
      pm2-multimeter: 0.1.2
      promptly: 2.2.0
      semver: 7.7.2
      source-map-support: 0.5.21
      sprintf-js: 1.1.2
      vizion: 2.2.1
    optionalDependencies:
      pm2-sysmonit: 1.2.8
    transitivePeerDependencies:
      - bufferutil
      - supports-color
      - utf-8-validate

  promptly@2.2.0:
    dependencies:
      read: 1.0.7

  proxy-agent@6.4.0:
    dependencies:
      agent-base: 7.1.4
      debug: 4.4.3
      http-proxy-agent: 7.0.2
      https-proxy-agent: 7.0.6
      lru-cache: 7.18.3
      pac-proxy-agent: 7.2.0
      proxy-from-env: 1.1.0
      socks-proxy-agent: 8.0.5
    transitivePeerDependencies:
      - supports-color

  proxy-from-env@1.1.0: {}

  read@1.0.7:
    dependencies:
      mute-stream: 0.0.8

  readdirp@3.6.0:
    dependencies:
      picomatch: 2.3.1

  require-in-the-middle@5.2.0:
    dependencies:
      debug: 4.4.3
      module-details-from-path: 1.0.4
      resolve: 1.22.11
    transitivePeerDependencies:
      - supports-color

  requires-port@1.0.0: {}

  resolve@1.22.11:
    dependencies:
      is-core-module: 2.16.1
      path-parse: 1.0.7
      supports-preserve-symlinks-flag: 1.0.0

  run-series@1.1.9: {}

  safe-buffer@5.2.1: {}

  safer-buffer@2.1.2: {}

  sax@1.4.4: {}

  semver@7.5.4:
    dependencies:
      lru-cache: 6.0.0

  semver@7.7.2: {}

  set-function-length@1.2.2:
    dependencies:
      define-data-property: 1.1.4
      es-errors: 1.3.0
      function-bind: 1.1.2
      get-intrinsic: 1.3.0
      gopd: 1.2.0
      has-property-descriptors: 1.0.2

  shebang-command@2.0.0:
    dependencies:
      shebang-regex: 3.0.0

  shebang-regex@3.0.0: {}

  shimmer@1.2.1: {}

  signal-exit@3.0.7: {}

  slash@2.0.0: {}

  smart-buffer@4.2.0: {}

  socks-proxy-agent@8.0.5:
    dependencies:
      agent-base: 7.1.4
      debug: 4.4.3
      socks: 2.8.7
    transitivePeerDependencies:
      - supports-color

  socks@2.8.7:
    dependencies:
      ip-address: 10.1.0
      smart-buffer: 4.2.0

  source-map-support@0.5.21:
    dependencies:
      buffer-from: 1.1.2
      source-map: 0.6.1

  source-map@0.6.1: {}

  sprintf-js@1.1.2: {}

  supports-color@7.2.0:
    dependencies:
      has-flag: 4.0.0

  supports-preserve-symlinks-flag@1.0.0: {}

  systeminformation@5.30.3:
    optional: true

  tmp@0.2.5: {}

  to-regex-range@5.0.1:
    dependencies:
      is-number: 7.0.0

  tslib@1.9.3: {}

  tslib@2.8.1: {}

  tv4@1.3.0: {}

  tx2@1.0.5:
    dependencies:
      json-stringify-safe: 5.0.1
    optional: true

  universalify@2.0.1: {}

  vizion@2.2.1:
    dependencies:
      async: 2.6.4
      git-node-fs: 1.0.0(js-git@0.7.8)
      ini: 1.3.8
      js-git: 0.7.8

  which@2.0.2:
    dependencies:
      isexe: 2.0.0

  ws@7.5.10: {}

  yallist@4.0.0: {}

  yaml@2.8.2: {}
